
Microsoft Visual Studio Solution File, Format Version 12.00
# Visual Studio Version 16
VisualStudioVersion = 16.0.29215.179
MinimumVisualStudioVersion = 10.0.40219.1
Project("{9A19103F-16F7-4668-BE54-9A1E7A4F7556}") = "Pages_Solution_POM", "Pages_Solution_Ext\Pages_Solution_POM.csproj", "{D1DCA3DA-9BD2-481C-B66D-B31249AC17FC}"
EndProject
Project("{9A19103F-16F7-4668-BE54-9A1E7A4F7556}") = "Pages_Solution_Grid", "Pages_Solution _Grid\Pages_Solution_Grid.csproj", "{535D2F62-7BF2-4572-ACAC-514F834019BE}"
EndProject
Global
	GlobalSection(SolutionConfigurationPlatforms) = preSolution
		Debug|Any CPU = Debug|Any CPU
		Release|Any CPU = Release|Any CPU
	EndGlobalSection
	GlobalSection(ProjectConfigurationPlatforms) = postSolution
		{D1DCA3DA-9BD2-481C-B66D-B31249AC17FC}.Debug|Any CPU.ActiveCfg = Debug|Any CPU
		{D1DCA3DA-9BD2-481C-B66D-B31249AC17FC}.Debug|Any CPU.Build.0 = Debug|Any CPU
		{D1DCA3DA-9BD2-481C-B66D-B31249AC17FC}.Release|Any CPU.ActiveCfg = Release|Any CPU
		{D1DCA3DA-9BD2-481C-B66D-B31249AC17FC}.Release|Any CPU.Build.0 = Release|Any CPU
		{535D2F62-7BF2-4572-ACAC-514F834019BE}.Debug|Any CPU.ActiveCfg = Debug|Any CPU
		{535D2F62-7BF2-4572-ACAC-514F834019BE}.Debug|Any CPU.Build.0 = Debug|Any CPU
		{535D2F62-7BF2-4572-ACAC-514F834019BE}.Release|Any CPU.ActiveCfg = Release|Any CPU
		{535D2F62-7BF2-4572-ACAC-514F834019BE}.Release|Any CPU.Build.0 = Release|Any CPU
	EndGlobalSection
	GlobalSection(SolutionProperties) = preSolution
		HideSolutionNode = FALSE
	EndGlobalSection
	GlobalSection(ExtensibilityGlobals) = postSolution
		SolutionGuid = {68DE03B5-D491-4754-AFBE-2B57AFB93039}
	EndGlobalSection
EndGlobal
